
Microsoft Visual Studio Solution File, Format Version 12.00
# Visual Studio Version 17
VisualStudioVersion = 17.5.33502.453
MinimumVisualStudioVersion = 10.0.40219.1
Project("{FAE04EC0-301F-11D3-BF4B-00C04F79EFBC}") = "day-4-test", "day-4-test\day-4-test.csproj", "{0C2D47FE-8D91-4BBC-A872-3CF40615C4AA}"
EndProject
Global
	GlobalSection(SolutionConfigurationPlatforms) = preSolution
		Debug|Any CPU = Debug|Any CPU
		Release|Any CPU = Release|Any CPU
	EndGlobalSection
	GlobalSection(ProjectConfigurationPlatforms) = postSolution
		{0C2D47FE-8D91-4BBC-A872-3CF40615C4AA}.Debug|Any CPU.ActiveCfg = Debug|Any CPU
		{0C2D47FE-8D91-4BBC-A872-3CF40615C4AA}.Debug|Any CPU.Build.0 = Debug|Any CPU
		{0C2D47FE-8D91-4BBC-A872-3CF40615C4AA}.Release|Any CPU.ActiveCfg = Release|Any CPU
		{0C2D47FE-8D91-4BBC-A872-3CF40615C4AA}.Release|Any CPU.Build.0 = Release|Any CPU
	EndGlobalSection
	GlobalSection(SolutionProperties) = preSolution
		HideSolutionNode = FALSE
	EndGlobalSection
	GlobalSection(ExtensibilityGlobals) = postSolution
		SolutionGuid = {995D7591-3C52-4A78-89C7-5AFED491E949}
	EndGlobalSection
EndGlobal
