
Microsoft Visual Studio Solution File, Format Version 12.00
# Visual Studio Version 17
VisualStudioVersion = 17.5.33502.453
MinimumVisualStudioVersion = 10.0.40219.1
Project("{FAE04EC0-301F-11D3-BF4B-00C04F79EFBC}") = "day-6-hands-on", "day-6-hands-on\day-6-hands-on.csproj", "{9B6AE39F-7138-496C-B35B-A760ECEF0AEE}"
EndProject
Global
	GlobalSection(SolutionConfigurationPlatforms) = preSolution
		Debug|Any CPU = Debug|Any CPU
		Release|Any CPU = Release|Any CPU
	EndGlobalSection
	GlobalSection(ProjectConfigurationPlatforms) = postSolution
		{9B6AE39F-7138-496C-B35B-A760ECEF0AEE}.Debug|Any CPU.ActiveCfg = Debug|Any CPU
		{9B6AE39F-7138-496C-B35B-A760ECEF0AEE}.Debug|Any CPU.Build.0 = Debug|Any CPU
		{9B6AE39F-7138-496C-B35B-A760ECEF0AEE}.Release|Any CPU.ActiveCfg = Release|Any CPU
		{9B6AE39F-7138-496C-B35B-A760ECEF0AEE}.Release|Any CPU.Build.0 = Release|Any CPU
	EndGlobalSection
	GlobalSection(SolutionProperties) = preSolution
		HideSolutionNode = FALSE
	EndGlobalSection
	GlobalSection(ExtensibilityGlobals) = postSolution
		SolutionGuid = {EA9B91E0-9495-4F93-A6E0-6F7F79A6291D}
	EndGlobalSection
EndGlobal
